
Microsoft Visual Studio Solution File, Format Version 12.00
# Visual Studio Version 16
VisualStudioVersion = 16.0.30907.101
MinimumVisualStudioVersion = 10.0.40219.1
Project("{9A19103F-16F7-4668-BE54-9A1E7A4F7556}") = "KAMP", "KAMP\KAMP.csproj", "{E92E13DB-665B-4B1D-A39F-9A9772790A1D}"
EndProject
Project("{9A19103F-16F7-4668-BE54-9A1E7A4F7556}") = "Donguler", "Donguler\Donguler.csproj", "{9AA10F19-44E0-4CD7-A7EA-3A96E7C20046}"
EndProject
Project("{9A19103F-16F7-4668-BE54-9A1E7A4F7556}") = "ClassIntro", "ClassIntro\ClassIntro.csproj", "{3905A92D-4333-4017-8794-3132FD31D0A9}"
EndProject
Project("{FAE04EC0-301F-11D3-BF4B-00C04F79EFBC}") = "Metotlar", "Metotlar\Metotlar.csproj", "{6B088453-4BA7-4A3A-9167-52B91A38C1DF}"
EndProject
Project("{FAE04EC0-301F-11D3-BF4B-00C04F79EFBC}") = "Matematik", "Matematik\Matematik.csproj", "{9A8DEB8B-9670-47EE-82B5-88719DEAB46F}"
EndProject
Project("{FAE04EC0-301F-11D3-BF4B-00C04F79EFBC}") = "DegerVeReferansTipler", "DegerVeReferansTipler\DegerVeReferansTipler.csproj", "{6B019337-27B0-4CD4-AC28-6118D43B800F}"
EndProject
Global
	GlobalSection(SolutionConfigurationPlatforms) = preSolution
		Debug|Any CPU = Debug|Any CPU
		Release|Any CPU = Release|Any CPU
	EndGlobalSection
	GlobalSection(ProjectConfigurationPlatforms) = postSolution
		{E92E13DB-665B-4B1D-A39F-9A9772790A1D}.Debug|Any CPU.ActiveCfg = Debug|Any CPU
		{E92E13DB-665B-4B1D-A39F-9A9772790A1D}.Debug|Any CPU.Build.0 = Debug|Any CPU
		{E92E13DB-665B-4B1D-A39F-9A9772790A1D}.Release|Any CPU.ActiveCfg = Release|Any CPU
		{E92E13DB-665B-4B1D-A39F-9A9772790A1D}.Release|Any CPU.Build.0 = Release|Any CPU
		{9AA10F19-44E0-4CD7-A7EA-3A96E7C20046}.Debug|Any CPU.ActiveCfg = Debug|Any CPU
		{9AA10F19-44E0-4CD7-A7EA-3A96E7C20046}.Debug|Any CPU.Build.0 = Debug|Any CPU
		{9AA10F19-44E0-4CD7-A7EA-3A96E7C20046}.Release|Any CPU.ActiveCfg = Release|Any CPU
		{9AA10F19-44E0-4CD7-A7EA-3A96E7C20046}.Release|Any CPU.Build.0 = Release|Any CPU
		{3905A92D-4333-4017-8794-3132FD31D0A9}.Debug|Any CPU.ActiveCfg = Debug|Any CPU
		{3905A92D-4333-4017-8794-3132FD31D0A9}.Debug|Any CPU.Build.0 = Debug|Any CPU
		{3905A92D-4333-4017-8794-3132FD31D0A9}.Release|Any CPU.ActiveCfg = Release|Any CPU
		{3905A92D-4333-4017-8794-3132FD31D0A9}.Release|Any CPU.Build.0 = Release|Any CPU
		{6B088453-4BA7-4A3A-9167-52B91A38C1DF}.Debug|Any CPU.ActiveCfg = Debug|Any CPU
		{6B088453-4BA7-4A3A-9167-52B91A38C1DF}.Debug|Any CPU.Build.0 = Debug|Any CPU
		{6B088453-4BA7-4A3A-9167-52B91A38C1DF}.Release|Any CPU.ActiveCfg = Release|Any CPU
		{6B088453-4BA7-4A3A-9167-52B91A38C1DF}.Release|Any CPU.Build.0 = Release|Any CPU
		{9A8DEB8B-9670-47EE-82B5-88719DEAB46F}.Debug|Any CPU.ActiveCfg = Debug|Any CPU
		{9A8DEB8B-9670-47EE-82B5-88719DEAB46F}.Debug|Any CPU.Build.0 = Debug|Any CPU
		{9A8DEB8B-9670-47EE-82B5-88719DEAB46F}.Release|Any CPU.ActiveCfg = Release|Any CPU
		{9A8DEB8B-9670-47EE-82B5-88719DEAB46F}.Release|Any CPU.Build.0 = Release|Any CPU
		{6B019337-27B0-4CD4-AC28-6118D43B800F}.Debug|Any CPU.ActiveCfg = Debug|Any CPU
		{6B019337-27B0-4CD4-AC28-6118D43B800F}.Debug|Any CPU.Build.0 = Debug|Any CPU
		{6B019337-27B0-4CD4-AC28-6118D43B800F}.Release|Any CPU.ActiveCfg = Release|Any CPU
		{6B019337-27B0-4CD4-AC28-6118D43B800F}.Release|Any CPU.Build.0 = Release|Any CPU
	EndGlobalSection
	GlobalSection(SolutionProperties) = preSolution
		HideSolutionNode = FALSE
	EndGlobalSection
	GlobalSection(ExtensibilityGlobals) = postSolution
		SolutionGuid = {ED72C8DD-BA58-4E79-B70F-FA0499A4C3C8}
	EndGlobalSection
EndGlobal
